
Microsoft Visual Studio Solution File, Format Version 12.00
# Visual Studio Version 17
VisualStudioVersion = 17.0.31903.59
MinimumVisualStudioVersion = 10.0.40219.1
Project("{FAE04EC0-301F-11D3-BF4B-00C04F79EFBC}") = "OFSEntity", "OFSEntity\OFSEntity.csproj", "{6358E556-9D1E-4BA2-B54F-79906A6D6A93}"
EndProject
Project("{FAE04EC0-301F-11D3-BF4B-00C04F79EFBC}") = "Test", "Test\Test.csproj", "{226F7B40-D0C8-4C52-986B-A56D8CA78447}"
EndProject
Global
	GlobalSection(SolutionConfigurationPlatforms) = preSolution
		Debug|Any CPU = Debug|Any CPU
		Release|Any CPU = Release|Any CPU
	EndGlobalSection
	GlobalSection(SolutionProperties) = preSolution
		HideSolutionNode = FALSE
	EndGlobalSection
	GlobalSection(ProjectConfigurationPlatforms) = postSolution
		{6358E556-9D1E-4BA2-B54F-79906A6D6A93}.Debug|Any CPU.ActiveCfg = Debug|Any CPU
		{6358E556-9D1E-4BA2-B54F-79906A6D6A93}.Debug|Any CPU.Build.0 = Debug|Any CPU
		{6358E556-9D1E-4BA2-B54F-79906A6D6A93}.Release|Any CPU.ActiveCfg = Release|Any CPU
		{6358E556-9D1E-4BA2-B54F-79906A6D6A93}.Release|Any CPU.Build.0 = Release|Any CPU
		{226F7B40-D0C8-4C52-986B-A56D8CA78447}.Debug|Any CPU.ActiveCfg = Debug|Any CPU
		{226F7B40-D0C8-4C52-986B-A56D8CA78447}.Debug|Any CPU.Build.0 = Debug|Any CPU
		{226F7B40-D0C8-4C52-986B-A56D8CA78447}.Release|Any CPU.ActiveCfg = Release|Any CPU
		{226F7B40-D0C8-4C52-986B-A56D8CA78447}.Release|Any CPU.Build.0 = Release|Any CPU
	EndGlobalSection
EndGlobal
